
Microsoft Visual Studio Solution File, Format Version 12.00
# Visual Studio 2013
VisualStudioVersion = 12.0.31101.0
MinimumVisualStudioVersion = 10.0.40219.1
Project("{00D1A9C2-B5F0-4AF3-8072-F6C62B433612}") = "CourseScheduler.Database", "CourseScheduler.Database\CourseScheduler.Database.sqlproj", "{FCDF100E-E811-4862-84D9-46D6E5182F05}"
EndProject
Project("{FAE04EC0-301F-11D3-BF4B-00C04F79EFBC}") = "CourseScheduler.Website", "CourseScheduler.Website\CourseScheduler.Website.csproj", "{18DD0E4F-B1E2-4C85-8A31-401743689E44}"
EndProject
Project("{FAE04EC0-301F-11D3-BF4B-00C04F79EFBC}") = "CourseScheduler.Data", "CourseScheduler.Data\CourseScheduler.Data.csproj", "{E27D4D2D-C308-445C-B93D-E2905962A485}"
EndProject
Global
	GlobalSection(SolutionConfigurationPlatforms) = preSolution
		Debug|Any CPU = Debug|Any CPU
		Release|Any CPU = Release|Any CPU
	EndGlobalSection
	GlobalSection(ProjectConfigurationPlatforms) = postSolution
		{FCDF100E-E811-4862-84D9-46D6E5182F05}.Debug|Any CPU.ActiveCfg = Debug|Any CPU
		{FCDF100E-E811-4862-84D9-46D6E5182F05}.Release|Any CPU.ActiveCfg = Release|Any CPU
		{FCDF100E-E811-4862-84D9-46D6E5182F05}.Release|Any CPU.Build.0 = Release|Any CPU
		{FCDF100E-E811-4862-84D9-46D6E5182F05}.Release|Any CPU.Deploy.0 = Release|Any CPU
		{18DD0E4F-B1E2-4C85-8A31-401743689E44}.Debug|Any CPU.ActiveCfg = Debug|Any CPU
		{18DD0E4F-B1E2-4C85-8A31-401743689E44}.Debug|Any CPU.Build.0 = Debug|Any CPU
		{18DD0E4F-B1E2-4C85-8A31-401743689E44}.Release|Any CPU.ActiveCfg = Release|Any CPU
		{18DD0E4F-B1E2-4C85-8A31-401743689E44}.Release|Any CPU.Build.0 = Release|Any CPU
		{E27D4D2D-C308-445C-B93D-E2905962A485}.Debug|Any CPU.ActiveCfg = Debug|Any CPU
		{E27D4D2D-C308-445C-B93D-E2905962A485}.Debug|Any CPU.Build.0 = Debug|Any CPU
		{E27D4D2D-C308-445C-B93D-E2905962A485}.Release|Any CPU.ActiveCfg = Release|Any CPU
		{E27D4D2D-C308-445C-B93D-E2905962A485}.Release|Any CPU.Build.0 = Release|Any CPU
	EndGlobalSection
	GlobalSection(SolutionProperties) = preSolution
		HideSolutionNode = FALSE
	EndGlobalSection
EndGlobal
